
Microsoft Visual Studio Solution File, Format Version 12.00
# Visual Studio Version 17
VisualStudioVersion = 17.0.31903.59
MinimumVisualStudioVersion = 10.0.40219.1
Project("{FAE04EC0-301F-11D3-BF4B-00C04F79EFBC}") = "TeaDB", "src\TeaSuite.KV\TeaSuite.KV.csproj", "{9AAC73A6-C75D-4F37-BF88-6913836C7976}"
EndProject
Project("{FAE04EC0-301F-11D3-BF4B-00C04F79EFBC}") = "TeaDB.UnitTests", "test\TeaSuite.KV.UnitTests\TeaSuite.KV.UnitTests.csproj", "{53A83B90-297A-4336-8D25-A4F1DEA6C5CD}"
EndProject
Global
	GlobalSection(SolutionConfigurationPlatforms) = preSolution
		Debug|Any CPU = Debug|Any CPU
		Release|Any CPU = Release|Any CPU
	EndGlobalSection
	GlobalSection(SolutionProperties) = preSolution
		HideSolutionNode = FALSE
	EndGlobalSection
	GlobalSection(ProjectConfigurationPlatforms) = postSolution
		{9AAC73A6-C75D-4F37-BF88-6913836C7976}.Debug|Any CPU.ActiveCfg = Debug|Any CPU
		{9AAC73A6-C75D-4F37-BF88-6913836C7976}.Debug|Any CPU.Build.0 = Debug|Any CPU
		{9AAC73A6-C75D-4F37-BF88-6913836C7976}.Release|Any CPU.ActiveCfg = Release|Any CPU
		{9AAC73A6-C75D-4F37-BF88-6913836C7976}.Release|Any CPU.Build.0 = Release|Any CPU
		{53A83B90-297A-4336-8D25-A4F1DEA6C5CD}.Debug|Any CPU.ActiveCfg = Debug|Any CPU
		{53A83B90-297A-4336-8D25-A4F1DEA6C5CD}.Debug|Any CPU.Build.0 = Debug|Any CPU
		{53A83B90-297A-4336-8D25-A4F1DEA6C5CD}.Release|Any CPU.ActiveCfg = Release|Any CPU
		{53A83B90-297A-4336-8D25-A4F1DEA6C5CD}.Release|Any CPU.Build.0 = Release|Any CPU
	EndGlobalSection
EndGlobal
